{
  "name": "chat-rooms",
  "version": "1.0.0",
  "lockfileVersion": 1,
  "requires": true,
  "dependencies": {
    "bson": {
      "version": "1.0.6",
      "resolved": "http://192.168.124.71:4873/bson/-/bson-1.0.6.tgz",
      "integrity": "sha512-D8zmlb46xfuK2gGvKmUjIklQEouN2nQ0LEHHeZ/NoHM2LDiMk2EYzZ5Ntw/Urk+bgMDosOZxaRzXxvhI5TcAVQ=="
    },
    "debug": {
      "version": "2.6.9",
      "resolved": "http://192.168.124.71:4873/debug/-/debug-2.6.9.tgz",
      "integrity": "sha512-bC7ElrdJaJnPbAP+1EotYvqZsb3ecl5wi6Bfi6BJTUcNowp6cvspg0jXznRTKDjm/E7AdgFBVeAPVMNcKGsHMA==",
      "requires": {
        "ms": "2.0.0"
      }
    },
    "is-typedarray": {
      "version": "1.0.0",
      "resolved": "http://192.168.124.71:4873/is-typedarray/-/is-typedarray-1.0.0.tgz",
      "integrity": "sha1-5HnICFjfDBsR3dppQPlgEfzaSpo="
    },
    "mongodb": {
      "version": "3.1.0-beta4",
      "resolved": "http://192.168.124.71:4873/mongodb/-/mongodb-3.1.0-beta4.tgz",
      "integrity": "sha512-nJAK59fFlMWTdEJaTyGp3HeerkIahnupoMNjbszPJVnO63/36aFnlWHqpYrrJwj9GKlmb47YWBIvNo6fdrUL4Q==",
      "requires": {
        "mongodb-core": "3.1.0-beta4"
      }
    },
    "mongodb-core": {
      "version": "3.1.0-beta4",
      "resolved": "http://192.168.124.71:4873/mongodb-core/-/mongodb-core-3.1.0-beta4.tgz",
      "integrity": "sha512-aiwUKBGmFZwBx4CdC1iK5kjZyk0zhDxQ0edRtpTZUkk1jyWkdzYd6GEA6wMl7O6ZX/dOiFM2ujkrUR7+vkqJPw==",
      "requires": {
        "bson": "1.0.6",
        "require_optional": "1.0.1",
        "saslprep": "1.0.0"
      }
    },
    "ms": {
      "version": "2.0.0",
      "resolved": "http://192.168.124.71:4873/ms/-/ms-2.0.0.tgz",
      "integrity": "sha1-VgiurfwAvmwpAd9fmGF4jeDVl8g="
    },
    "nan": {
      "version": "2.10.0",
      "resolved": "http://192.168.124.71:4873/nan/-/nan-2.10.0.tgz",
      "integrity": "sha512-bAdJv7fBLhWC+/Bls0Oza+mvTaNQtP+1RyhhhvD95pgUJz6XM5IzgmxOkItJ9tkoCiplvAnXI1tNmmUD/eScyA=="
    },
    "require_optional": {
      "version": "1.0.1",
      "resolved": "http://192.168.124.71:4873/require_optional/-/require_optional-1.0.1.tgz",
      "integrity": "sha512-qhM/y57enGWHAe3v/NcwML6a3/vfESLe/sGM2dII+gEO0BpKRUkWZow/tyloNqJyN6kXSl3RyyM8Ll5D/sJP8g==",
      "requires": {
        "resolve-from": "2.0.0",
        "semver": "5.5.0"
      }
    },
    "resolve-from": {
      "version": "2.0.0",
      "resolved": "http://192.168.124.71:4873/resolve-from/-/resolve-from-2.0.0.tgz",
      "integrity": "sha1-lICrIOlP+h2egKgEx+oUdhGWa1c="
    },
    "saslprep": {
      "version": "1.0.0",
      "resolved": "http://192.168.124.71:4873/saslprep/-/saslprep-1.0.0.tgz",
      "integrity": "sha512-5lvKUEQ7lAN5/vPl5d3k8FQeDbEamu9kizfATfLLWV5h6Mkh1xcieR1FSsJkcSRUk49lF2tAW8gzXWVwtwZVhw==",
      "optional": true
    },
    "semver": {
      "version": "5.5.0",
      "resolved": "http://192.168.124.71:4873/semver/-/semver-5.5.0.tgz",
      "integrity": "sha512-4SJ3dm0WAwWy/NVeioZh5AntkdJoWKxHxcmyP622fOkgHa4z3R0TdBJICINyaSDE6uNwVc8gZr+ZinwZAH4xIA=="
    },
    "typedarray-to-buffer": {
      "version": "3.1.5",
      "resolved": "http://192.168.124.71:4873/typedarray-to-buffer/-/typedarray-to-buffer-3.1.5.tgz",
      "integrity": "sha512-zdu8XMNEDepKKR+XYOXAVPtWui0ly0NtohUscw+UmaHiAWT8hrV1rr//H6V+0DvJ3OQ19S979M0laLfX8rm82Q==",
      "requires": {
        "is-typedarray": "1.0.0"
      }
    },
    "websocket": {
      "version": "1.0.26",
      "resolved": "http://192.168.124.71:4873/websocket/-/websocket-1.0.26.tgz",
      "integrity": "sha512-fjcrYDPIQxpTnqFQ9JjxUQcdvR89MFAOjPBlF+vjOt49w/XW4fJknUoMz/mDIn2eK1AdslVojcaOxOqyZZV8rw==",
      "requires": {
        "debug": "2.6.9",
        "nan": "2.10.0",
        "typedarray-to-buffer": "3.1.5",
        "yaeti": "0.0.6"
      }
    },
    "yaeti": {
      "version": "0.0.6",
      "resolved": "http://192.168.124.71:4873/yaeti/-/yaeti-0.0.6.tgz",
      "integrity": "sha1-8m9ITXJoTPQr7ft2lwqhYI+/lXc="
    }
  }
}
